github.com/google/uuid v1.1.2 h1:EVhdT+1Kseyi1/pUmXKaFxYsDNy9RQYkMWRH68J/W7Y=
github.com/google/uuid v1.1.2/go.mod h1:TIyPZe4MgqvfeYDBFedMoGGpEw/LqOeaOT+nhxU+yHo=
gopkg.in/bsm/ratelimit.v1 v1.0.0-20160220154919-db14e161995a h1:stTHdEoWg1pQ8riaP5ROrjS6zy6wewH/Q2iwnLCQUXY=
gopkg.in/bsm/ratelimit.v1 v1.0.0-20160220154919-db14e161995a/go.mod h1:KF9sEfUPAXdG8Oev9e99iLGnl2uJMjc5B+4y3O7x610=
gopkg.in/redis.v3 v3.6.4 h1:u7XgPH1rWwsdZnR+azldXC6x9qDU2luydOIeU/l52fE=
gopkg.in/redis.v3 v3.6.4/go.mod h1:6XeGv/CrsUFDU9aVbUdNykN7k1zVmoeg83KC9RbQfiU=
